
Microsoft Visual Studio Solution File, Format Version 12.00
Project("{FAE04EC0-301F-11D3-BF4B-00C04F79EFBC}") = "AdventOfCode2021", "AdventOfCode2021\AdventOfCode2021.csproj", "{92524C77-EC34-4A4B-96E8-D7C167E8060B}"
EndProject
Project("{FAE04EC0-301F-11D3-BF4B-00C04F79EFBC}") = "AdventOfCode2021.Tests", "AdventOfCode2021.Tests\AdventOfCode2021.Tests.csproj", "{A81364D1-62DC-4C8C-A9E9-BC50A401E8BE}"
EndProject
Global
	GlobalSection(SolutionConfigurationPlatforms) = preSolution
		Debug|Any CPU = Debug|Any CPU
		Release|Any CPU = Release|Any CPU
	EndGlobalSection
	GlobalSection(ProjectConfigurationPlatforms) = postSolution
		{92524C77-EC34-4A4B-96E8-D7C167E8060B}.Debug|Any CPU.ActiveCfg = Debug|Any CPU
		{92524C77-EC34-4A4B-96E8-D7C167E8060B}.Debug|Any CPU.Build.0 = Debug|Any CPU
		{92524C77-EC34-4A4B-96E8-D7C167E8060B}.Release|Any CPU.ActiveCfg = Release|Any CPU
		{92524C77-EC34-4A4B-96E8-D7C167E8060B}.Release|Any CPU.Build.0 = Release|Any CPU
		{A81364D1-62DC-4C8C-A9E9-BC50A401E8BE}.Debug|Any CPU.ActiveCfg = Debug|Any CPU
		{A81364D1-62DC-4C8C-A9E9-BC50A401E8BE}.Debug|Any CPU.Build.0 = Debug|Any CPU
		{A81364D1-62DC-4C8C-A9E9-BC50A401E8BE}.Release|Any CPU.ActiveCfg = Release|Any CPU
		{A81364D1-62DC-4C8C-A9E9-BC50A401E8BE}.Release|Any CPU.Build.0 = Release|Any CPU
	EndGlobalSection
EndGlobal
